// !$*UTF8*$!
{
	archiveVersion = 1;
	classes = {
	};
	objectVersion = 50;
	objects = {

/* Begin PBXBuildFile section */
		6D0BA46524F6041700C1457F /* SleepCalculator.mlmodel in Sources */ = {isa = PBXBuildFile; fileRef = 6D0BA46424F6041700C1457F /* SleepCalculator.mlmodel */; };
		6D59FD7E24F21FDE003E055B /* AppDelegate.swift in Sources */ = {isa = PBXBuildFile; fileRef = 6D59FD7D24F21FDE003E055B /* AppDelegate.swift */; };
		6D59FD8024F21FDE003E055B /* SceneDelegate.swift in Sources */ = {isa = PBXBuildFile; fileRef = 6D59FD7F24F21FDE003E055B /* SceneDelegate.swift */; };
		6D59FD8224F21FDE003E055B /* ContentView.swift in Sources */ = {isa = PBXBuildFile; fileRef = 6D59FD8124F21FDE003E055B /* ContentView.swift */; };
		6D59FD8424F21FE0003E055B /* Assets.xcassets in Resources */ = {isa = PBXBuildFile; fileRef = 6D59FD8324F21FE0003E055B /* Assets.xcassets */; };
		6D59FD8724F21FE0003E055B /* Preview Assets.xcassets in Resources */ = {isa = PBXBuildFile; fileRef = 6D59FD8624F21FE0003E055B /* Preview Assets.xcassets */; };
		6D59FD8A24F21FE0003E055B /* LaunchScreen.storyboard in Resources */ = {isa = PBXBuildFile; fileRef = 6D59FD8824F21FE0003E055B /* LaunchScreen.storyboard */; };
		6D59FD9524F21FE0003E055B /* BetterRestTests.swift in Sources */ = {isa = PBXBuildFile; fileRef = 6D59FD9424F21FE0003E055B /* BetterRestTests.swift */; };
		6D59FDA024F21FE0003E055B /* BetterRestUITests.swift in Sources */ = {isa = PBXBuildFile; fileRef = 6D59FD9F24F21FE0003E055B /* BetterRestUITests.swift */; };
/* End PBXBuildFile section */

/* Begin PBXContainerItemProxy section */
		6D59FD9124F21FE0003E055B /* PBXContainerItemProxy */ = {
			isa = PBXContainerItemProxy;
			containerPortal = 6D59FD7224F21FDE003E055B /* Project object */;
			proxyType = 1;
			remoteGlobalIDString = 6D59FD7924F21FDE003E055B;
			remoteInfo = BetterRest;
		};
		6D59FD9C24F21FE0003E055B /* PBXContainerItemProxy */ = {
			isa = PBXContainerItemProxy;
			containerPortal = 6D59FD7224F21FDE003E055B /* Project object */;
			proxyType = 1;
			remoteGlobalIDString = 6D59FD7924F21FDE003E055B;
			remoteInfo = BetterRest;
		};
/* End PBXContainerItemProxy section */

/* Begin PBXFileReference section */
		6D0BA46424F6041700C1457F /* SleepCalculator.mlmodel */ = {isa = PBXFileReference; lastKnownFileType = file.mlmodel; name = SleepCalculator.mlmodel; path = "../../../Documents/Development/Machine Learning/CreateML/BetterRest/SleepCalculator.mlmodel"; sourceTree = "<group>"; };
		6D59FD7A24F21FDE003E055B /* BetterRest.app */ = {isa = PBXFileReference; explicitFileType = wrapper.application; includeInIndex = 0; path = BetterRest.app; sourceTree = BUILT_PRODUCTS_DIR; };
		6D59FD7D24F21FDE003E055B /* AppDelegate.swift */ = {isa = PBXFileReference; lastKnownFileType = sourcecode.swift; path = AppDelegate.swift; sourceTree = "<group>"; };
		6D59FD7F24F21FDE003E055B /* SceneDelegate.swift */ = {isa = PBXFileReference; lastKnownFileType = sourcecode.swift; path = SceneDelegate.swift; sourceTree = "<group>"; };
		6D59FD8124F21FDE003E055B /* ContentView.swift */ = {isa = PBXFileReference; lastKnownFileType = sourcecode.swift; path = ContentView.swift; sourceTree = "<group>"; };
		6D59FD8324F21FE0003E055B /* Assets.xcassets */ = {isa = PBXFileReference; lastKnownFileType = folder.assetcatalog; path = Assets.xcassets; sourceTree = "<group>"; };
		6D59FD8624F21FE0003E055B /* Preview Assets.xcassets */ = {isa = PBXFileReference; lastKnownFileType = folder.assetcatalog; path = "Preview Assets.xcassets"; sourceTree = "<group>"; };
		6D59FD8924F21FE0003E055B /* Base */ = {isa = PBXFileReference; lastKnownFileType = file.storyboard; name = Base; path = Base.lproj/LaunchScreen.storyboard; sourceTree = "<group>"; };
		6D59FD8B24F21FE0003E055B /* Info.plist */ = {isa = PBXFileReference; lastKnownFileType = text.plist.xml; path = Info.plist; sourceTree = "<group>"; };
		6D59FD9024F21FE0003E055B /* BetterRestTests.xctest */ = {isa = PBXFileReference; explicitFileType = wrapper.cfbundle; includeInIndex = 0; path = BetterRestTests.xctest; sourceTree = BUILT_PRODUCTS_DIR; };
		6D59FD9424F21FE0003E055B /* BetterRestTests.swift */ = {isa = PBXFileReference; lastKnownFileType = sourcecode.swift; path = BetterRestTests.swift; sourceTree = "<group>"; };
		6D59FD9624F21FE0003E055B /* Info.plist */ = {isa = PBXFileReference; lastKnownFileType = text.plist.xml; path = Info.plist; sourceTree = "<group>"; };
		6D59FD9B24F21FE0003E055B /* BetterRestUITests.xctest */ = {isa = PBXFileReference; explicitFileType = wrapper.cfbundle; includeInIndex = 0; path = BetterRestUITests.xctest; sourceTree = BUILT_PRODUCTS_DIR; };
		6D59FD9F24F21FE0003E055B /* BetterRestUITests.swift */ = {isa = PBXFileReference; lastKnownFileType = sourcecode.swift; path = BetterRestUITests.swift; sourceTree = "<group>"; };
		6D59FDA124F21FE0003E055B /* Info.plist */ = {isa = PBXFileReference; lastKnownFileType = text.plist.xml; path = Info.plist; sourceTree = "<group>"; };
/* End PBXFileReference section */

/* Begin PBXFrameworksBuildPhase section */
		6D59FD7724F21FDE003E055B /* Frameworks */ = {
			isa = PBXFrameworksBuildPhase;
			buildActionMask = 2147483647;
			files = (
			);
			runOnlyForDeploymentPostprocessing = 0;
		};
		6D59FD8D24F21FE0003E055B /* Frameworks */ = {
			isa = PBXFrameworksBuildPhase;
			buildActionMask = 2147483647;
			files = (
			);
			runOnlyForDeploymentPostprocessing = 0;
		};
		6D59FD9824F21FE0003E055B /* Frameworks */ = {
			isa = PBXFrameworksBuildPhase;
			buildActionMask = 2147483647;
			files = (
			);
			runOnlyForDeploymentPostprocessing = 0;
		};
/* End PBXFrameworksBuildPhase section */

/* Begin PBXGroup section */
		6D59FD7124F21FDE003E055B = {
			isa = PBXGroup;
			children = (
				6D59FD7C24F21FDE003E055B /* BetterRest */,
				6D59FD9324F21FE0003E055B /* BetterRestTests */,
				6D59FD9E24F21FE0003E055B /* BetterRestUITests */,
				6D59FD7B24F21FDE003E055B /* Products */,
			);
			sourceTree = "<group>";
		};
		6D59FD7B24F21FDE003E055B /* Products */ = {
			isa = PBXGroup;
			children = (
				6D59FD7A24F21FDE003E055B /* BetterRest.app */,
				6D59FD9024F21FE0003E055B /* BetterRestTests.xctest */,
				6D59FD9B24F21FE0003E055B /* BetterRestUITests.xctest */,
			);
			name = Products;
			sourceTree = "<group>";
		};
		6D59FD7C24F21FDE003E055B /* BetterRest */ = {
			isa = PBXGroup;
			children = (
				6D59FD7D24F21FDE003E055B /* AppDelegate.swift */,
				6D59FD7F24F21FDE003E055B /* SceneDelegate.swift */,
				6D59FD8124F21FDE003E055B /* ContentView.swift */,
				6D59FD8324F21FE0003E055B /* Assets.xcassets */,
				6D59FD8824F21FE0003E055B /* LaunchScreen.storyboard */,
				6D59FD8B24F21FE0003E055B /* Info.plist */,
				6D0BA46424F6041700C1457F /* SleepCalculator.mlmodel */,
				6D59FD8524F21FE0003E055B /* Preview Content */,
			);
			path = BetterRest;
			sourceTree = "<group>";
		};
		6D59FD8524F21FE0003E055B /* Preview Content */ = {
			isa = PBXGroup;
			children = (
				6D59FD8624F21FE0003E055B /* Preview Assets.xcassets */,
			);
			path = "Preview Content";
			sourceTree = "<group>";
		};
		6D59FD9324F21FE0003E055B /* BetterRestTests */ = {
			isa = PBXGroup;
			children = (
				6D59FD9424F21FE0003E055B /* BetterRestTests.swift */,
				6D59FD9624F21FE0003E055B /* Info.plist */,
			);
			path = BetterRestTests;
			sourceTree = "<group>";
		};
		6D59FD9E24F21FE0003E055B /* BetterRestUITests */ = {
			isa = PBXGroup;
			children = (
				6D59FD9F24F21FE0003E055B /* BetterRestUITests.swift */,
				6D59FDA124F21FE0003E055B /* Info.plist */,
			);
			path = BetterRestUITests;
			sourceTree = "<group>";
		};
/* End PBXGroup section */

/* Begin PBXNativeTarget section */
		6D59FD7924F21FDE003E055B /* BetterRest */ = {
			isa = PBXNativeTarget;
			buildConfigurationList = 6D59FDA424F21FE0003E055B /* Build configuration list for PBXNativeTarget "BetterRest" */;
			buildPhases = (
				6D59FD7624F21FDE003E055B /* Sources */,
				6D59FD7724F21FDE003E055B /* Frameworks */,
				6D59FD7824F21FDE003E055B /* Resources */,
			);
			buildRules = (
			);
			dependencies = (
			);
			name = BetterRest;
			productName = BetterRest;
			productReference = 6D59FD7A24F21FDE003E055B /* BetterRest.app */;
			productType = "com.apple.product-type.application";
		};
		6D59FD8F24F21FE0003E055B /* BetterRestTests */ = {
			isa = PBXNativeTarget;
			buildConfigurationList = 6D59FDA724F21FE0003E055B /* Build configuration list for PBXNativeTarget "BetterRestTests" */;
			buildPhases = (
				6D59FD8C24F21FE0003E055B /* Sources */,
				6D59FD8D24F21FE0003E055B /* Frameworks */,
				6D59FD8E24F21FE0003E055B /* Resources */,
			);
			buildRules = (
			);
			dependencies = (
				6D59FD9224F21FE0003E055B /* PBXTargetDependency */,
			);
			name = BetterRestTests;
			productName = BetterRestTests;
			productReference = 6D59FD9024F21FE0003E055B /* BetterRestTests.xctest */;
			productType = "com.apple.product-type.bundle.unit-test";
		};
		6D59FD9A24F21FE0003E055B /* BetterRestUITests */ = {
			isa = PBXNativeTarget;
			buildConfigurationList = 6D59FDAA24F21FE0003E055B /* Build configuration list for PBXNativeTarget "BetterRestUITests" */;
			buildPhases = (
				6D59FD9724F21FE0003E055B /* Sources */,
				6D59FD9824F21FE0003E055B /* Frameworks */,
				6D59FD9924F21FE0003E055B /* Resources */,
			);
			buildRules = (
			);
			dependencies = (
				6D59FD9D24F21FE0003E055B /* PBXTargetDependency */,
			);
			name = BetterRestUITests;
			productName = BetterRestUITests;
			productReference = 6D59FD9B24F21FE0003E055B /* BetterRestUITests.xctest */;
			productType = "com.apple.product-type.bundle.ui-testing";
		};
/* End PBXNativeTarget section */

/* Begin PBXProject section */
		6D59FD7224F21FDE003E055B /* Project object */ = {
			isa = PBXProject;
			attributes = {
				LastSwiftUpdateCheck = 1160;
				LastUpgradeCheck = 1160;
				ORGANIZATIONNAME = "Rafael Calunga";
				TargetAttributes = {
					6D59FD7924F21FDE003E055B = {
						CreatedOnToolsVersion = 11.6;
					};
					6D59FD8F24F21FE0003E055B = {
						CreatedOnToolsVersion = 11.6;
						TestTargetID = 6D59FD7924F21FDE003E055B;
					};
					6D59FD9A24F21FE0003E055B = {
						CreatedOnToolsVersion = 11.6;
						TestTargetID = 6D59FD7924F21FDE003E055B;
					};
				};
			};
			buildConfigurationList = 6D59FD7524F21FDE003E055B /* Build configuration list for PBXProject "BetterRest" */;
			compatibilityVersion = "Xcode 9.3";
			developmentRegion = en;
			hasScannedForEncodings = 0;
			knownRegions = (
				en,
				Base,
			);
			mainGroup = 6D59FD7124F21FDE003E055B;
			productRefGroup = 6D59FD7B24F21FDE003E055B /* Products */;
			projectDirPath = "";
			projectRoot = "";
			targets = (
				6D59FD7924F21FDE003E055B /* BetterRest */,
				6D59FD8F24F21FE0003E055B /* BetterRestTests */,
				6D59FD9A24F21FE0003E055B /* BetterRestUITests */,
			);
		};
/* End PBXProject section */

/* Begin PBXResourcesBuildPhase section */
		6D59FD7824F21FDE003E055B /* Resources */ = {
			isa = PBXResourcesBuildPhase;
			buildActionMask = 2147483647;
			files = (
				6D59FD8A24F21FE0003E055B /* LaunchScreen.storyboard in Resources */,
				6D59FD8724F21FE0003E055B /* Preview Assets.xcassets in Resources */,
				6D59FD8424F21FE0003E055B /* Assets.xcassets in Resources */,
			);
			runOnlyForDeploymentPostprocessing = 0;
		};
		6D59FD8E24F21FE0003E055B /* Resources */ = {
			isa = PBXResourcesBuildPhase;
			buildActionMask = 2147483647;
			files = (
			);
			runOnlyForDeploymentPostprocessing = 0;
		};
		6D59FD9924F21FE0003E055B /* Resources */ = {
			isa = PBXResourcesBuildPhase;
			buildActionMask = 2147483647;
			files = (
			);
			runOnlyForDeploymentPostprocessing = 0;
		};
/* End PBXResourcesBuildPhase section */

/* Begin PBXSourcesBuildPhase section */
		6D59FD7624F21FDE003E055B /* Sources */ = {
			isa = PBXSourcesBuildPhase;
			buildActionMask = 2147483647;
			files = (
				6D0BA46524F6041700C1457F /* SleepCalculator.mlmodel in Sources */,
				6D59FD7E24F21FDE003E055B /* AppDelegate.swift in Sources */,
				6D59FD8024F21FDE003E055B /* SceneDelegate.swift in Sources */,
				6D59FD8224F21FDE003E055B /* ContentView.swift in Sources */,
			);
			runOnlyForDeploymentPostprocessing = 0;
		};
		6D59FD8C24F21FE0003E055B /* Sources */ = {
			isa = PBXSourcesBuildPhase;
			buildActionMask = 2147483647;
			files = (
				6D59FD9524F21FE0003E055B /* BetterRestTests.swift in Sources */,
			);
			runOnlyForDeploymentPostprocessing = 0;
		};
		6D59FD9724F21FE0003E055B /* Sources */ = {
			isa = PBXSourcesBuildPhase;
			buildActionMask = 2147483647;
			files = (
				6D59FDA024F21FE0003E055B /* BetterRestUITests.swift in Sources */,
			);
			runOnlyForDeploymentPostprocessing = 0;
		};
/* End PBXSourcesBuildPhase section */

/* Begin PBXTargetDependency section */
		6D59FD9224F21FE0003E055B /* PBXTargetDependency */ = {
			isa = PBXTargetDependency;
			target = 6D59FD7924F21FDE003E055B /* BetterRest */;
			targetProxy = 6D59FD9124F21FE0003E055B /* PBXContainerItemProxy */;
		};
		6D59FD9D24F21FE0003E055B /* PBXTargetDependency */ = {
			isa = PBXTargetDependency;
			target = 6D59FD7924F21FDE003E055B /* BetterRest */;
			targetProxy = 6D59FD9C24F21FE0003E055B /* PBXContainerItemProxy */;
		};
/* End PBXTargetDependency section */

/* Begin PBXVariantGroup section */
		6D59FD8824F21FE0003E055B /* LaunchScreen.storyboard */ = {
			isa = PBXVariantGroup;
			children = (
				6D59FD8924F21FE0003E055B /* Base */,
			);
			name = LaunchScreen.storyboard;
			sourceTree = "<group>";
		};
/* End PBXVariantGroup section */

/* Begin XCBuildConfiguration section */
		6D59FDA224F21FE0003E055B /* Debug */ = {
			isa = XCBuildConfiguration;
			buildSettings = {
				ALWAYS_SEARCH_USER_PATHS = NO;
				CLANG_ANALYZER_NONNULL = YES;
				CLANG_ANALYZER_NUMBER_OBJECT_CONVERSION = YES_AGGRESSIVE;
				CLANG_CXX_LANGUAGE_STANDARD = "gnu++14";
				CLANG_CXX_LIBRARY = "libc++";
				CLANG_ENABLE_MODULES = YES;
				CLANG_ENABLE_OBJC_ARC = YES;
				CLANG_ENABLE_OBJC_WEAK = YES;
				CLANG_WARN_BLOCK_CAPTURE_AUTORELEASING = YES;
				CLANG_WARN_BOOL_CONVERSION = YES;
				CLANG_WARN_COMMA = YES;
				CLANG_WARN_CONSTANT_CONVERSION = YES;
				CLANG_WARN_DEPRECATED_OBJC_IMPLEMENTATIONS = YES;
				CLANG_WARN_DIRECT_OBJC_ISA_USAGE = YES_ERROR;
				CLANG_WARN_DOCUMENTATION_COMMENTS = YES;
				CLANG_WARN_EMPTY_BODY = YES;
				CLANG_WARN_ENUM_CONVERSION = YES;
				CLANG_WARN_INFINITE_RECURSION = YES;
				CLANG_WARN_INT_CONVERSION = YES;
				CLANG_WARN_NON_LITERAL_NULL_CONVERSION = YES;
				CLANG_WARN_OBJC_IMPLICIT_RETAIN_SELF = YES;
				CLANG_WARN_OBJC_LITERAL_CONVERSION = YES;
				CLANG_WARN_OBJC_ROOT_CLASS = YES_ERROR;
				CLANG_WARN_RANGE_LOOP_ANALYSIS = YES;
				CLANG_WARN_STRICT_PROTOTYPES = YES;
				CLANG_WARN_SUSPICIOUS_MOVE = YES;
				CLANG_WARN_UNGUARDED_AVAILABILITY = YES_AGGRESSIVE;
				CLANG_WARN_UNREACHABLE_CODE = YES;
				CLANG_WARN__DUPLICATE_METHOD_MATCH = YES;
				COPY_PHASE_STRIP = NO;
				DEBUG_INFORMATION_FORMAT = dwarf;
				ENABLE_STRICT_OBJC_MSGSEND = YES;
				ENABLE_TESTABILITY = YES;
				GCC_C_LANGUAGE_STANDARD = gnu11;
				GCC_DYNAMIC_NO_PIC = NO;
				GCC_NO_COMMON_BLOCKS = YES;
				GCC_OPTIMIZATION_LEVEL = 0;
				GCC_PREPROCESSOR_DEFINITIONS = (
					"DEBUG=1",
					"$(inherited)",
				);
				GCC_WARN_64_TO_32_BIT_CONVERSION = YES;
				GCC_WARN_ABOUT_RETURN_TYPE = YES_ERROR;
				GCC_WARN_UNDECLARED_SELECTOR = YES;
				GCC_WARN_UNINITIALIZED_AUTOS = YES_AGGRESSIVE;
				GCC_WARN_UNUSED_FUNCTION = YES;
				GCC_WARN_UNUSED_VARIABLE = YES;
				IPHONEOS_DEPLOYMENT_TARGET = 13.6;
				MTL_ENABLE_DEBUG_INFO = INCLUDE_SOURCE;
				MTL_FAST_MATH = YES;
				ONLY_ACTIVE_ARCH = YES;
				SDKROOT = iphoneos;
				SWIFT_ACTIVE_COMPILATION_CONDITIONS = DEBUG;
				SWIFT_OPTIMIZATION_LEVEL = "-Onone";
			};
			name = Debug;
		};
		6D59FDA324F21FE0003E055B /* Release */ = {
			isa = XCBuildConfiguration;
			buildSettings = {
				ALWAYS_SEARCH_USER_PATHS = NO;
				CLANG_ANALYZER_NONNULL = YES;
				CLANG_ANALYZER_NUMBER_OBJECT_CONVERSION = YES_AGGRESSIVE;
				CLANG_CXX_LANGUAGE_STANDARD = "gnu++14";
				CLANG_CXX_LIBRARY = "libc++";
				CLANG_ENABLE_MODULES = YES;
				CLANG_ENABLE_OBJC_ARC = YES;
				CLANG_ENABLE_OBJC_WEAK = YES;
				CLANG_WARN_BLOCK_CAPTURE_AUTORELEASING = YES;
				CLANG_WARN_BOOL_CONVERSION = YES;
				CLANG_WARN_COMMA = YES;
				CLANG_WARN_CONSTANT_CONVERSION = YES;
				CLANG_WARN_DEPRECATED_OBJC_IMPLEMENTATIONS = YES;
				CLANG_WARN_DIRECT_OBJC_ISA_USAGE = YES_ERROR;
				CLANG_WARN_DOCUMENTATION_COMMENTS = YES;
				CLANG_WARN_EMPTY_BODY = YES;
				CLANG_WARN_ENUM_CONVERSION = YES;
				CLANG_WARN_INFINITE_RECURSION = YES;
				CLANG_WARN_INT_CONVERSION = YES;
				CLANG_WARN_NON_LITERAL_NULL_CONVERSION = YES;
				CLANG_WARN_OBJC_IMPLICIT_RETAIN_SELF = YES;
				CLANG_WARN_OBJC_LITERAL_CONVERSION = YES;
				CLANG_WARN_OBJC_ROOT_CLASS = YES_ERROR;
				CLANG_WARN_RANGE_LOOP_ANALYSIS = YES;
				CLANG_WARN_STRICT_PROTOTYPES = YES;
				CLANG_WARN_SUSPICIOUS_MOVE = YES;
				CLANG_WARN_UNGUARDED_AVAILABILITY = YES_AGGRESSIVE;
				CLANG_WARN_UNREACHABLE_CODE = YES;
				CLANG_WARN__DUPLICATE_METHOD_MATCH = YES;
				COPY_PHASE_STRIP = NO;
				DEBUG_INFORMATION_FORMAT = "dwarf-with-dsym";
				ENABLE_NS_ASSERTIONS = NO;
				ENABLE_STRICT_OBJC_MSGSEND = YES;
				GCC_C_LANGUAGE_STANDARD = gnu11;
				GCC_NO_COMMON_BLOCKS = YES;
				GCC_WARN_64_TO_32_BIT_CONVERSION = YES;
				GCC_WARN_ABOUT_RETURN_TYPE = YES_ERROR;
				GCC_WARN_UNDECLARED_SELECTOR = YES;
				GCC_WARN_UNINITIALIZED_AUTOS = YES_AGGRESSIVE;
				GCC_WARN_UNUSED_FUNCTION = YES;
				GCC_WARN_UNUSED_VARIABLE = YES;
				IPHONEOS_DEPLOYMENT_TARGET = 13.6;
				MTL_ENABLE_DEBUG_INFO = NO;
				MTL_FAST_MATH = YES;
				SDKROOT = iphoneos;
				SWIFT_COMPILATION_MODE = wholemodule;
				SWIFT_OPTIMIZATION_LEVEL = "-O";
				VALIDATE_PRODUCT = YES;
			};
			name = Release;
		};
		6D59FDA524F21FE0003E055B /* Debug */ = {
			isa = XCBuildConfiguration;
			buildSettings = {
				ASSETCATALOG_COMPILER_APPICON_NAME = AppIcon;
				CODE_SIGN_STYLE = Automatic;
				DEVELOPMENT_ASSET_PATHS = "\"BetterRest/Preview Content\"";
				ENABLE_PREVIEWS = YES;
				INFOPLIST_FILE = BetterRest/Info.plist;
				LD_RUNPATH_SEARCH_PATHS = (
					"$(inherited)",
					"@executable_path/Frameworks",
				);
				PRODUCT_BUNDLE_IDENTIFIER = com.rafaelcalunga.BetterRest;
				PRODUCT_NAME = "$(TARGET_NAME)";
				SWIFT_VERSION = 5.0;
				TARGETED_DEVICE_FAMILY = "1,2";
			};
			name = Debug;
		};
		6D59FDA624F21FE0003E055B /* Release */ = {
			isa = XCBuildConfiguration;
			buildSettings = {
				ASSETCATALOG_COMPILER_APPICON_NAME = AppIcon;
				CODE_SIGN_STYLE = Automatic;
				DEVELOPMENT_ASSET_PATHS = "\"BetterRest/Preview Content\"";
				ENABLE_PREVIEWS = YES;
				INFOPLIST_FILE = BetterRest/Info.plist;
				LD_RUNPATH_SEARCH_PATHS = (
					"$(inherited)",
					"@executable_path/Frameworks",
				);
				PRODUCT_BUNDLE_IDENTIFIER = com.rafaelcalunga.BetterRest;
				PRODUCT_NAME = "$(TARGET_NAME)";
				SWIFT_VERSION = 5.0;
				TARGETED_DEVICE_FAMILY = "1,2";
			};
			name = Release;
		};
		6D59FDA824F21FE0003E055B /* Debug */ = {
			isa = XCBuildConfiguration;
			buildSettings = {
				ALWAYS_EMBED_SWIFT_STANDARD_LIBRARIES = YES;
				BUNDLE_LOADER = "$(TEST_HOST)";
				CODE_SIGN_STYLE = Automatic;
				INFOPLIST_FILE = BetterRestTests/Info.plist;
				IPHONEOS_DEPLOYMENT_TARGET = 13.6;
				LD_RUNPATH_SEARCH_PATHS = (
					"$(inherited)",
					"@executable_path/Frameworks",
					"@loader_path/Frameworks",
				);
				PRODUCT_BUNDLE_IDENTIFIER = com.rafaelcalunga.BetterRestTests;
				PRODUCT_NAME = "$(TARGET_NAME)";
				SWIFT_VERSION = 5.0;
				TARGETED_DEVICE_FAMILY = "1,2";
				TEST_HOST = "$(BUILT_PRODUCTS_DIR)/BetterRest.app/BetterRest";
			};
			name = Debug;
		};
		6D59FDA924F21FE0003E055B /* Release */ = {
			isa = XCBuildConfiguration;
			buildSettings = {
				ALWAYS_EMBED_SWIFT_STANDARD_LIBRARIES = YES;
				BUNDLE_LOADER = "$(TEST_HOST)";
				CODE_SIGN_STYLE = Automatic;
				INFOPLIST_FILE = BetterRestTests/Info.plist;
				IPHONEOS_DEPLOYMENT_TARGET = 13.6;
				LD_RUNPATH_SEARCH_PATHS = (
					"$(inherited)",
					"@executable_path/Frameworks",
					"@loader_path/Frameworks",
				);
				PRODUCT_BUNDLE_IDENTIFIER = com.rafaelcalunga.BetterRestTests;
				PRODUCT_NAME = "$(TARGET_NAME)";
				SWIFT_VERSION = 5.0;
				TARGETED_DEVICE_FAMILY = "1,2";
				TEST_HOST = "$(BUILT_PRODUCTS_DIR)/BetterRest.app/BetterRest";
			};
			name = Release;
		};
		6D59FDAB24F21FE0003E055B /* Debug */ = {
			isa = XCBuildConfiguration;
			buildSettings = {
				ALWAYS_EMBED_SWIFT_STANDARD_LIBRARIES = YES;
				CODE_SIGN_STYLE = Automatic;
				INFOPLIST_FILE = BetterRestUITests/Info.plist;
				LD_RUNPATH_SEARCH_PATHS = (
					"$(inherited)",
					"@executable_path/Frameworks",
					"@loader_path/Frameworks",
				);
				PRODUCT_BUNDLE_IDENTIFIER = com.rafaelcalunga.BetterRestUITests;
				PRODUCT_NAME = "$(TARGET_NAME)";
				SWIFT_VERSION = 5.0;
				TARGETED_DEVICE_FAMILY = "1,2";
				TEST_TARGET_NAME = BetterRest;
			};
			name = Debug;
		};
		6D59FDAC24F21FE0003E055B /* Release */ = {
			isa = XCBuildConfiguration;
			buildSettings = {
				ALWAYS_EMBED_SWIFT_STANDARD_LIBRARIES = YES;
				CODE_SIGN_STYLE = Automatic;
				INFOPLIST_FILE = BetterRestUITests/Info.plist;
				LD_RUNPATH_SEARCH_PATHS = (
					"$(inherited)",
					"@executable_path/Frameworks",
					"@loader_path/Frameworks",
				);
				PRODUCT_BUNDLE_IDENTIFIER = com.rafaelcalunga.BetterRestUITests;
				PRODUCT_NAME = "$(TARGET_NAME)";
				SWIFT_VERSION = 5.0;
				TARGETED_DEVICE_FAMILY = "1,2";
				TEST_TARGET_NAME = BetterRest;
			};
			name = Release;
		};
/* End XCBuildConfiguration section */

/* Begin XCConfigurationList section */
		6D59FD7524F21FDE003E055B /* Build configuration list for PBXProject "BetterRest" */ = {
			isa = XCConfigurationList;
			buildConfigurations = (
				6D59FDA224F21FE0003E055B /* Debug */,
				6D59FDA324F21FE0003E055B /* Release */,
			);
			defaultConfigurationIsVisible = 0;
			defaultConfigurationName = Release;
		};
		6D59FDA424F21FE0003E055B /* Build configuration list for PBXNativeTarget "BetterRest" */ = {
			isa = XCConfigurationList;
			buildConfigurations = (
				6D59FDA524F21FE0003E055B /* Debug */,
				6D59FDA624F21FE0003E055B /* Release */,
			);
			defaultConfigurationIsVisible = 0;
			defaultConfigurationName = Release;
		};
		6D59FDA724F21FE0003E055B /* Build configuration list for PBXNativeTarget "BetterRestTests" */ = {
			isa = XCConfigurationList;
			buildConfigurations = (
				6D59FDA824F21FE0003E055B /* Debug */,
				6D59FDA924F21FE0003E055B /* Release */,
			);
			defaultConfigurationIsVisible = 0;
			defaultConfigurationName = Release;
		};
		6D59FDAA24F21FE0003E055B /* Build configuration list for PBXNativeTarget "BetterRestUITests" */ = {
			isa = XCConfigurationList;
			buildConfigurations = (
				6D59FDAB24F21FE0003E055B /* Debug */,
				6D59FDAC24F21FE0003E055B /* Release */,
			);
			defaultConfigurationIsVisible = 0;
			defaultConfigurationName = Release;
		};
/* End XCConfigurationList section */
	};
	rootObject = 6D59FD7224F21FDE003E055B /* Project object */;
}
